
Microsoft Visual Studio Solution File, Format Version 12.00
# Visual Studio Version 17
VisualStudioVersion = 17.8.34525.116
MinimumVisualStudioVersion = 10.0.40219.1
Project("{FAE04EC0-301F-11D3-BF4B-00C04F79EFBC}") = "ex1", "ex1\ex1.csproj", "{AC47D545-28B4-4477-BFAC-82FD5294F850}"
EndProject
Project("{FAE04EC0-301F-11D3-BF4B-00C04F79EFBC}") = "ex2", "ex2\ex2.csproj", "{15CFF11E-06AB-4599-909A-3ECABF0D2C03}"
EndProject
Global
	GlobalSection(SolutionConfigurationPlatforms) = preSolution
		Debug|Any CPU = Debug|Any CPU
		Release|Any CPU = Release|Any CPU
	EndGlobalSection
	GlobalSection(ProjectConfigurationPlatforms) = postSolution
		{AC47D545-28B4-4477-BFAC-82FD5294F850}.Debug|Any CPU.ActiveCfg = Debug|Any CPU
		{AC47D545-28B4-4477-BFAC-82FD5294F850}.Debug|Any CPU.Build.0 = Debug|Any CPU
		{AC47D545-28B4-4477-BFAC-82FD5294F850}.Release|Any CPU.ActiveCfg = Release|Any CPU
		{AC47D545-28B4-4477-BFAC-82FD5294F850}.Release|Any CPU.Build.0 = Release|Any CPU
		{15CFF11E-06AB-4599-909A-3ECABF0D2C03}.Debug|Any CPU.ActiveCfg = Debug|Any CPU
		{15CFF11E-06AB-4599-909A-3ECABF0D2C03}.Debug|Any CPU.Build.0 = Debug|Any CPU
		{15CFF11E-06AB-4599-909A-3ECABF0D2C03}.Release|Any CPU.ActiveCfg = Release|Any CPU
		{15CFF11E-06AB-4599-909A-3ECABF0D2C03}.Release|Any CPU.Build.0 = Release|Any CPU
	EndGlobalSection
	GlobalSection(SolutionProperties) = preSolution
		HideSolutionNode = FALSE
	EndGlobalSection
	GlobalSection(ExtensibilityGlobals) = postSolution
		SolutionGuid = {6F7DD83E-307F-4DE6-8BAB-8B77F4BB45B3}
	EndGlobalSection
EndGlobal
